
Microsoft Visual Studio Solution File, Format Version 12.00
# Visual Studio Version 16
VisualStudioVersion = 16.0.29230.47
MinimumVisualStudioVersion = 10.0.40219.1
Project("{8BC9CEB8-8B4A-11D0-8D11-00A0C91BC942}") = "AceptaElReto574", "AceptaElReto574.vcxproj", "{905FB8C6-1124-4CDE-8496-3B888251E501}"
EndProject
Global
	GlobalSection(SolutionConfigurationPlatforms) = preSolution
		Debug|x64 = Debug|x64
		Debug|x86 = Debug|x86
		Release|x64 = Release|x64
		Release|x86 = Release|x86
	EndGlobalSection
	GlobalSection(ProjectConfigurationPlatforms) = postSolution
		{905FB8C6-1124-4CDE-8496-3B888251E501}.Debug|x64.ActiveCfg = Debug|x64
		{905FB8C6-1124-4CDE-8496-3B888251E501}.Debug|x64.Build.0 = Debug|x64
		{905FB8C6-1124-4CDE-8496-3B888251E501}.Debug|x86.ActiveCfg = Debug|Win32
		{905FB8C6-1124-4CDE-8496-3B888251E501}.Debug|x86.Build.0 = Debug|Win32
		{905FB8C6-1124-4CDE-8496-3B888251E501}.Release|x64.ActiveCfg = Release|x64
		{905FB8C6-1124-4CDE-8496-3B888251E501}.Release|x64.Build.0 = Release|x64
		{905FB8C6-1124-4CDE-8496-3B888251E501}.Release|x86.ActiveCfg = Release|Win32
		{905FB8C6-1124-4CDE-8496-3B888251E501}.Release|x86.Build.0 = Release|Win32
	EndGlobalSection
	GlobalSection(SolutionProperties) = preSolution
		HideSolutionNode = FALSE
	EndGlobalSection
	GlobalSection(ExtensibilityGlobals) = postSolution
		SolutionGuid = {214D68C2-6E40-4333-A916-B06EDCC21CEE}
	EndGlobalSection
EndGlobal
