
Microsoft Visual Studio Solution File, Format Version 12.00
# Visual Studio Version 16
VisualStudioVersion = 16.0.29230.47
MinimumVisualStudioVersion = 10.0.40219.1
Project("{8BC9CEB8-8B4A-11D0-8D11-00A0C91BC942}") = "AceptaElReto219", "AceptaElReto219.vcxproj", "{5668B4B7-9A13-4283-9209-FD7897681039}"
EndProject
Global
	GlobalSection(SolutionConfigurationPlatforms) = preSolution
		Debug|x64 = Debug|x64
		Debug|x86 = Debug|x86
		Release|x64 = Release|x64
		Release|x86 = Release|x86
	EndGlobalSection
	GlobalSection(ProjectConfigurationPlatforms) = postSolution
		{5668B4B7-9A13-4283-9209-FD7897681039}.Debug|x64.ActiveCfg = Debug|x64
		{5668B4B7-9A13-4283-9209-FD7897681039}.Debug|x64.Build.0 = Debug|x64
		{5668B4B7-9A13-4283-9209-FD7897681039}.Debug|x86.ActiveCfg = Debug|Win32
		{5668B4B7-9A13-4283-9209-FD7897681039}.Debug|x86.Build.0 = Debug|Win32
		{5668B4B7-9A13-4283-9209-FD7897681039}.Release|x64.ActiveCfg = Release|x64
		{5668B4B7-9A13-4283-9209-FD7897681039}.Release|x64.Build.0 = Release|x64
		{5668B4B7-9A13-4283-9209-FD7897681039}.Release|x86.ActiveCfg = Release|Win32
		{5668B4B7-9A13-4283-9209-FD7897681039}.Release|x86.Build.0 = Release|Win32
	EndGlobalSection
	GlobalSection(SolutionProperties) = preSolution
		HideSolutionNode = FALSE
	EndGlobalSection
	GlobalSection(ExtensibilityGlobals) = postSolution
		SolutionGuid = {D2F44B45-A9FA-482F-8A62-92CB5548E55B}
	EndGlobalSection
EndGlobal
