
Microsoft Visual Studio Solution File, Format Version 12.00
# Visual Studio Version 16
VisualStudioVersion = 16.0.29230.47
MinimumVisualStudioVersion = 10.0.40219.1
Project("{8BC9CEB8-8B4A-11D0-8D11-00A0C91BC942}") = "AceptaElReto347", "AceptaElReto347.vcxproj", "{80B23EC2-E86D-47EC-B11C-C77FB5CF02F2}"
EndProject
Global
	GlobalSection(SolutionConfigurationPlatforms) = preSolution
		Debug|x64 = Debug|x64
		Debug|x86 = Debug|x86
		Release|x64 = Release|x64
		Release|x86 = Release|x86
	EndGlobalSection
	GlobalSection(ProjectConfigurationPlatforms) = postSolution
		{80B23EC2-E86D-47EC-B11C-C77FB5CF02F2}.Debug|x64.ActiveCfg = Debug|x64
		{80B23EC2-E86D-47EC-B11C-C77FB5CF02F2}.Debug|x64.Build.0 = Debug|x64
		{80B23EC2-E86D-47EC-B11C-C77FB5CF02F2}.Debug|x86.ActiveCfg = Debug|Win32
		{80B23EC2-E86D-47EC-B11C-C77FB5CF02F2}.Debug|x86.Build.0 = Debug|Win32
		{80B23EC2-E86D-47EC-B11C-C77FB5CF02F2}.Release|x64.ActiveCfg = Release|x64
		{80B23EC2-E86D-47EC-B11C-C77FB5CF02F2}.Release|x64.Build.0 = Release|x64
		{80B23EC2-E86D-47EC-B11C-C77FB5CF02F2}.Release|x86.ActiveCfg = Release|Win32
		{80B23EC2-E86D-47EC-B11C-C77FB5CF02F2}.Release|x86.Build.0 = Release|Win32
	EndGlobalSection
	GlobalSection(SolutionProperties) = preSolution
		HideSolutionNode = FALSE
	EndGlobalSection
	GlobalSection(ExtensibilityGlobals) = postSolution
		SolutionGuid = {36592BE3-B86E-4257-9497-0B39A53EE282}
	EndGlobalSection
EndGlobal
